PODS:
  - Alamofire (4.7.1)
  - SQLite.swift (0.11.4):
    - SQLite.swift/standard (= 0.11.4)
  - SQLite.swift/standard (0.11.4)
  - SwiftyJSON (4.0.0)
  - Toast-Swift (3.0.1)

DEPENDENCIES:
  - Alamofire
  - SQLite.swift
  - SwiftyJSON
  - Toast-Swift

SPEC CHECKSUMS:
  Alamofire: 68d7d521118d49c615a8d2214d87cdf525599d30
  SQLite.swift: 3e3bee21da701b5b9f87c4a672cb54f233505692
  SwiftyJSON: 070dabdcb1beb81b247c65ffa3a79dbbfb3b48aa
  Toast-Swift: ba0b01b095aada709d915f9beb1d38184a2721c3

PODFILE CHECKSUM: 404b57ad7847e6b057f24a4ce596f9019a9e4497

COCOAPODS: 1.4.0
